
Microsoft Visual Studio Solution File, Format Version 12.00
# Visual Studio Version 17
VisualStudioVersion = 17.1.32407.343
MinimumVisualStudioVersion = 10.0.40219.1
Project("{9A19103F-16F7-4668-BE54-9A1E7A4F7556}") = "SlimeRanger", "SlimeRanger.csproj", "{C3B04392-0A87-45E2-99C1-FB7DBEE1D8DB}"
EndProject
Global
	GlobalSection(SolutionConfigurationPlatforms) = preSolution
		Debug|Any CPU = Debug|Any CPU
		Release|Any CPU = Release|Any CPU
	EndGlobalSection
	GlobalSection(ProjectConfigurationPlatforms) = postSolution
		{C3B04392-0A87-45E2-99C1-FB7DBEE1D8DB}.Debug|Any CPU.ActiveCfg = Debug|Any CPU
		{C3B04392-0A87-45E2-99C1-FB7DBEE1D8DB}.Debug|Any CPU.Build.0 = Debug|Any CPU
		{C3B04392-0A87-45E2-99C1-FB7DBEE1D8DB}.Release|Any CPU.ActiveCfg = Release|Any CPU
		{C3B04392-0A87-45E2-99C1-FB7DBEE1D8DB}.Release|Any CPU.Build.0 = Release|Any CPU
	EndGlobalSection
	GlobalSection(SolutionProperties) = preSolution
		HideSolutionNode = FALSE
	EndGlobalSection
	GlobalSection(ExtensibilityGlobals) = postSolution
		SolutionGuid = {553ADFD0-07ED-4060-B574-DF2D005ACF24}
	EndGlobalSection
EndGlobal
